
Microsoft Visual Studio Solution File, Format Version 12.00
# Visual Studio 14
VisualStudioVersion = 14.0.25420.1
MinimumVisualStudioVersion = 10.0.40219.1
Project("{FAE04EC0-301F-11D3-BF4B-00C04F79EFBC}") = "Client", "DNAT\Client.csproj", "{5198A084-119D-418E-8FC4-C7401C0C0181}"
EndProject
Project("{FAE04EC0-301F-11D3-BF4B-00C04F79EFBC}") = "Web", "Web\Web.csproj", "{18875D6B-0BD4-4039-9C03-46B332580BC7}"
EndProject
Project("{FAE04EC0-301F-11D3-BF4B-00C04F79EFBC}") = "DLL", "DLL\DLL.csproj", "{8CBEBC3E-8F36-4363-99C9-F7D17D5F2DBA}"
EndProject
Project("{6141683F-8A12-4E36-9623-2EB02B2C2303}") = "Setup", "Setup\Setup.isproj", "{AD111D33-3185-4261-A090-44800ACFFC8C}"
EndProject
Global
	GlobalSection(SolutionConfigurationPlatforms) = preSolution
		CD_ROM|Any CPU = CD_ROM|Any CPU
		Debug|Any CPU = Debug|Any CPU
		DVD-5|Any CPU = DVD-5|Any CPU
		Release|Any CPU = Release|Any CPU
		SingleImage|Any CPU = SingleImage|Any CPU
	EndGlobalSection
	GlobalSection(ProjectConfigurationPlatforms) = postSolution
		{5198A084-119D-418E-8FC4-C7401C0C0181}.CD_ROM|Any CPU.ActiveCfg = Release|Any CPU
		{5198A084-119D-418E-8FC4-C7401C0C0181}.CD_ROM|Any CPU.Build.0 = Release|Any CPU
		{5198A084-119D-418E-8FC4-C7401C0C0181}.Debug|Any CPU.ActiveCfg = Debug|Any CPU
		{5198A084-119D-418E-8FC4-C7401C0C0181}.Debug|Any CPU.Build.0 = Debug|Any CPU
		{5198A084-119D-418E-8FC4-C7401C0C0181}.DVD-5|Any CPU.ActiveCfg = Debug|Any CPU
		{5198A084-119D-418E-8FC4-C7401C0C0181}.DVD-5|Any CPU.Build.0 = Debug|Any CPU
		{5198A084-119D-418E-8FC4-C7401C0C0181}.Release|Any CPU.ActiveCfg = Release|Any CPU
		{5198A084-119D-418E-8FC4-C7401C0C0181}.Release|Any CPU.Build.0 = Release|Any CPU
		{5198A084-119D-418E-8FC4-C7401C0C0181}.SingleImage|Any CPU.ActiveCfg = Release|Any CPU
		{5198A084-119D-418E-8FC4-C7401C0C0181}.SingleImage|Any CPU.Build.0 = Release|Any CPU
		{18875D6B-0BD4-4039-9C03-46B332580BC7}.CD_ROM|Any CPU.ActiveCfg = Release|Any CPU
		{18875D6B-0BD4-4039-9C03-46B332580BC7}.CD_ROM|Any CPU.Build.0 = Release|Any CPU
		{18875D6B-0BD4-4039-9C03-46B332580BC7}.Debug|Any CPU.ActiveCfg = Debug|Any CPU
		{18875D6B-0BD4-4039-9C03-46B332580BC7}.Debug|Any CPU.Build.0 = Debug|Any CPU
		{18875D6B-0BD4-4039-9C03-46B332580BC7}.DVD-5|Any CPU.ActiveCfg = Debug|Any CPU
		{18875D6B-0BD4-4039-9C03-46B332580BC7}.DVD-5|Any CPU.Build.0 = Debug|Any CPU
		{18875D6B-0BD4-4039-9C03-46B332580BC7}.Release|Any CPU.ActiveCfg = Release|Any CPU
		{18875D6B-0BD4-4039-9C03-46B332580BC7}.Release|Any CPU.Build.0 = Release|Any CPU
		{18875D6B-0BD4-4039-9C03-46B332580BC7}.SingleImage|Any CPU.ActiveCfg = Release|Any CPU
		{18875D6B-0BD4-4039-9C03-46B332580BC7}.SingleImage|Any CPU.Build.0 = Release|Any CPU
		{8CBEBC3E-8F36-4363-99C9-F7D17D5F2DBA}.CD_ROM|Any CPU.ActiveCfg = Release|Any CPU
		{8CBEBC3E-8F36-4363-99C9-F7D17D5F2DBA}.CD_ROM|Any CPU.Build.0 = Release|Any CPU
		{8CBEBC3E-8F36-4363-99C9-F7D17D5F2DBA}.Debug|Any CPU.ActiveCfg = Debug|Any CPU
		{8CBEBC3E-8F36-4363-99C9-F7D17D5F2DBA}.Debug|Any CPU.Build.0 = Debug|Any CPU
		{8CBEBC3E-8F36-4363-99C9-F7D17D5F2DBA}.DVD-5|Any CPU.ActiveCfg = Debug|Any CPU
		{8CBEBC3E-8F36-4363-99C9-F7D17D5F2DBA}.DVD-5|Any CPU.Build.0 = Debug|Any CPU
		{8CBEBC3E-8F36-4363-99C9-F7D17D5F2DBA}.Release|Any CPU.ActiveCfg = Release|Any CPU
		{8CBEBC3E-8F36-4363-99C9-F7D17D5F2DBA}.Release|Any CPU.Build.0 = Release|Any CPU
		{8CBEBC3E-8F36-4363-99C9-F7D17D5F2DBA}.SingleImage|Any CPU.ActiveCfg = Release|Any CPU
		{8CBEBC3E-8F36-4363-99C9-F7D17D5F2DBA}.SingleImage|Any CPU.Build.0 = Release|Any CPU
		{AD111D33-3185-4261-A090-44800ACFFC8C}.CD_ROM|Any CPU.ActiveCfg = CD_ROM
		{AD111D33-3185-4261-A090-44800ACFFC8C}.CD_ROM|Any CPU.Build.0 = CD_ROM
		{AD111D33-3185-4261-A090-44800ACFFC8C}.Debug|Any CPU.ActiveCfg = DVD-5
		{AD111D33-3185-4261-A090-44800ACFFC8C}.Debug|Any CPU.Build.0 = DVD-5
		{AD111D33-3185-4261-A090-44800ACFFC8C}.DVD-5|Any CPU.ActiveCfg = DVD-5
		{AD111D33-3185-4261-A090-44800ACFFC8C}.DVD-5|Any CPU.Build.0 = DVD-5
		{AD111D33-3185-4261-A090-44800ACFFC8C}.Release|Any CPU.ActiveCfg = SingleImage
		{AD111D33-3185-4261-A090-44800ACFFC8C}.Release|Any CPU.Build.0 = SingleImage
		{AD111D33-3185-4261-A090-44800ACFFC8C}.SingleImage|Any CPU.ActiveCfg = SingleImage
		{AD111D33-3185-4261-A090-44800ACFFC8C}.SingleImage|Any CPU.Build.0 = SingleImage
	EndGlobalSection
	GlobalSection(SolutionProperties) = preSolution
		HideSolutionNode = FALSE
	EndGlobalSection
EndGlobal
